dependencies:
- name: postgresql
  repository: https://charts.bitnami.com/bitnami
  version: 11.1.2
- name: ingress-nginx
  repository: https://kubernetes.github.io/ingress-nginx
  version: 4.0.17
digest: sha256:517d5bed35182783e66638d792a0b50eda91b0b3ef13bd861c64b841326eb473
generated: "2022-02-27T11:51:02.8635005+01:00"
